
Microsoft Visual Studio Solution File, Format Version 12.00
# Visual Studio 14
VisualStudioVersion = 14.0.23107.0
MinimumVisualStudioVersion = 10.0.40219.1
Project("{FAE04EC0-301F-11D3-BF4B-00C04F79EFBC}") = "CRUD_MVC5", "CRUD_MVC5\CRUD_MVC5.csproj", "{EBD813B4-CFFA-467F-8538-51E0B735FEC0}"
EndProject
Global
	GlobalSection(SolutionConfigurationPlatforms) = preSolution
		Debug|Any CPU = Debug|Any CPU
		Release|Any CPU = Release|Any CPU
	EndGlobalSection
	GlobalSection(ProjectConfigurationPlatforms) = postSolution
		{EBD813B4-CFFA-467F-8538-51E0B735FEC0}.Debug|Any CPU.ActiveCfg = Debug|Any CPU
		{EBD813B4-CFFA-467F-8538-51E0B735FEC0}.Debug|Any CPU.Build.0 = Debug|Any CPU
		{EBD813B4-CFFA-467F-8538-51E0B735FEC0}.Release|Any CPU.ActiveCfg = Release|Any CPU
		{EBD813B4-CFFA-467F-8538-51E0B735FEC0}.Release|Any CPU.Build.0 = Release|Any CPU
	EndGlobalSection
	GlobalSection(SolutionProperties) = preSolution
		HideSolutionNode = FALSE
	EndGlobalSection
EndGlobal
